
Microsoft Visual Studio Solution File, Format Version 12.00
# Blend for Visual Studio Version 17
VisualStudioVersion = 17.0.31912.275
MinimumVisualStudioVersion = 10.0.40219.1
Project("{FAE04EC0-301F-11D3-BF4B-00C04F79EFBC}") = "TestWPFApp", "TestWPFApp\TestWPFApp.csproj", "{B9D60F21-C31D-40EC-9184-BA24ABD04A1C}"
EndProject
Global
	GlobalSection(SolutionConfigurationPlatforms) = preSolution
		Debug|Any CPU = Debug|Any CPU
		Release|Any CPU = Release|Any CPU
	EndGlobalSection
	GlobalSection(ProjectConfigurationPlatforms) = postSolution
		{B9D60F21-C31D-40EC-9184-BA24ABD04A1C}.Debug|Any CPU.ActiveCfg = Debug|Any CPU
		{B9D60F21-C31D-40EC-9184-BA24ABD04A1C}.Debug|Any CPU.Build.0 = Debug|Any CPU
		{B9D60F21-C31D-40EC-9184-BA24ABD04A1C}.Release|Any CPU.ActiveCfg = Release|Any CPU
		{B9D60F21-C31D-40EC-9184-BA24ABD04A1C}.Release|Any CPU.Build.0 = Release|Any CPU
	EndGlobalSection
	GlobalSection(SolutionProperties) = preSolution
		HideSolutionNode = FALSE
	EndGlobalSection
	GlobalSection(ExtensibilityGlobals) = postSolution
		SolutionGuid = {1AF77027-DBBE-4490-BF4E-0355D0E3BF1A}
	EndGlobalSection
EndGlobal
